
Microsoft Visual Studio Solution File, Format Version 12.00
# Visual Studio Version 16
VisualStudioVersion = 16.0.31313.79
MinimumVisualStudioVersion = 10.0.40219.1
Project("{9A19103F-16F7-4668-BE54-9A1E7A4F7556}") = "CKEditorInBlazorSample", "CKEditorInBlazorSample\CKEditorInBlazorSample.csproj", "{AECBDD91-15AC-4C7F-AEAC-8A900040763D}"
EndProject
Project("{FAE04EC0-301F-11D3-BF4B-00C04F79EFBC}") = "CKEditorInBlazorSample.WebApi", "CKEditorInBlazorSample.WebApi\CKEditorInBlazorSample.WebApi.csproj", "{0CA27D4E-176E-4CCC-AF07-F6237472E2C3}"
EndProject
Global
	GlobalSection(SolutionConfigurationPlatforms) = preSolution
		Debug|Any CPU = Debug|Any CPU
		Release|Any CPU = Release|Any CPU
	EndGlobalSection
	GlobalSection(ProjectConfigurationPlatforms) = postSolution
		{AECBDD91-15AC-4C7F-AEAC-8A900040763D}.Debug|Any CPU.ActiveCfg = Debug|Any CPU
		{AECBDD91-15AC-4C7F-AEAC-8A900040763D}.Debug|Any CPU.Build.0 = Debug|Any CPU
		{AECBDD91-15AC-4C7F-AEAC-8A900040763D}.Release|Any CPU.ActiveCfg = Release|Any CPU
		{AECBDD91-15AC-4C7F-AEAC-8A900040763D}.Release|Any CPU.Build.0 = Release|Any CPU
		{0CA27D4E-176E-4CCC-AF07-F6237472E2C3}.Debug|Any CPU.ActiveCfg = Debug|Any CPU
		{0CA27D4E-176E-4CCC-AF07-F6237472E2C3}.Debug|Any CPU.Build.0 = Debug|Any CPU
		{0CA27D4E-176E-4CCC-AF07-F6237472E2C3}.Release|Any CPU.ActiveCfg = Release|Any CPU
		{0CA27D4E-176E-4CCC-AF07-F6237472E2C3}.Release|Any CPU.Build.0 = Release|Any CPU
	EndGlobalSection
	GlobalSection(SolutionProperties) = preSolution
		HideSolutionNode = FALSE
	EndGlobalSection
	GlobalSection(ExtensibilityGlobals) = postSolution
		SolutionGuid = {790D1DDD-5F80-45DF-8F6F-BD534A36CF0A}
	EndGlobalSection
EndGlobal
